{
  "requires": true,
  "lockfileVersion": 1,
  "dependencies": {
    "embla-carousel": {
      "version": "4.2.0",
      "resolved": "https://registry.npmjs.org/embla-carousel/-/embla-carousel-4.2.0.tgz",
      "integrity": "sha512-WMYkRcRRwTVI7E41NRcnT/bUOKaGeYokoT86n71ONH1DeJqICI8+zItr7O2p8+QMlNtm/ThP8saLYh8yT497xA=="
    }
  }
}
